
Microsoft Visual Studio Solution File, Format Version 12.00
# Visual Studio Version 17
VisualStudioVersion = 17.1.32210.238
MinimumVisualStudioVersion = 10.0.40219.1
Project("{2150E333-8FDC-42A3-9474-1A3956D46DE8}") = "Tests", "Tests", "{14375E03-6BF8-45E6-B868-D2399368992B}"
EndProject
Project("{2150E333-8FDC-42A3-9474-1A3956D46DE8}") = "Build", "Build", "{BBF53739-168D-4635-8595-083AC0C65E4C}"
	ProjectSection(SolutionItems) = preProject
		build\AssemblyInfo.cs = build\AssemblyInfo.cs
	EndProjectSection
EndProject
Project("{2150E333-8FDC-42A3-9474-1A3956D46DE8}") = "Docs", "Docs", "{0957974A-CA4D-45DD-A0CB-2C4A9CD03350}"
	ProjectSection(SolutionItems) = preProject
		docs\InfluxDB.md = docs\InfluxDB.md
		docs\MQTT-AWS-Greengrass-Moquette.md = docs\MQTT-AWS-Greengrass-Moquette.md
		docs\MQTT-AWS-Greengrass-Mqtt-Bridge.md = docs\MQTT-AWS-Greengrass-Mqtt-Bridge.md
		docs\MQTT-AWS-IoT.md = docs\MQTT-AWS-IoT.md
		docs\MQTT-HiveMQ.md = docs\MQTT-HiveMQ.md
		docs\MQTT-Protocol.md = docs\MQTT-Protocol.md
	EndProjectSection
EndProject
Project("{2150E333-8FDC-42A3-9474-1A3956D46DE8}") = "Modules", "Modules", "{0F01D2F5-0CFA-4DAE-A0FD-5733D291F6FB}"
EndProject
Project("{2150E333-8FDC-42A3-9474-1A3956D46DE8}") = "Processors", "Processors", "{98D838F5-2AEB-4F62-A803-115C57C1E982}"
EndProject
Project("{2150E333-8FDC-42A3-9474-1A3956D46DE8}") = "Agent", "Agent", "{C3791CDD-9446-4584-AA80-0C41FCB63B88}"
EndProject
Project("{2150E333-8FDC-42A3-9474-1A3956D46DE8}") = "Adapter", "Adapter", "{5C1723BE-3FA0-4C64-AFEC-4343ADCEAE2B}"
EndProject
Project("{2150E333-8FDC-42A3-9474-1A3956D46DE8}") = "Modules", "Modules", "{494ACCF3-8FB7-429D-9119-92F7DD646B5F}"
EndProject
Project("{2150E333-8FDC-42A3-9474-1A3956D46DE8}") = "Clients", "Clients", "{B7D0BB51-FC51-4CB8-B612-2AED2A2233C1}"
EndProject
Project("{2150E333-8FDC-42A3-9474-1A3956D46DE8}") = "Libraries", "Libraries", "{B7CCD58C-A3F3-43BE-BBF8-2B20D118C39D}"
EndProject
Project("{9A19103F-16F7-4668-BE54-9A1E7A4F7556}") = "MTConnect.NET-Common", "libraries\MTConnect.NET-Common\MTConnect.NET-Common.csproj", "{5AF3BDBE-AE71-42A8-B05F-034220EC0F6D}"
EndProject
Project("{9A19103F-16F7-4668-BE54-9A1E7A4F7556}") = "MTConnect.NET-DeviceFinder", "libraries\MTConnect.NET-DeviceFinder\MTConnect.NET-DeviceFinder.csproj", "{63D23EE9-4E75-41AB-9328-6D01A7BA5BF9}"
EndProject
Project("{9A19103F-16F7-4668-BE54-9A1E7A4F7556}") = "MTConnect.NET-Services", "libraries\MTConnect.NET-Services\MTConnect.NET-Services.csproj", "{DE980069-82AA-4606-8D24-A1BD0B07BF98}"
EndProject
Project("{9A19103F-16F7-4668-BE54-9A1E7A4F7556}") = "MTConnect.NET-HTTP", "libraries\MTConnect.NET-HTTP\MTConnect.NET-HTTP.csproj", "{BFE01941-4DD1-40A3-ABBE-648C15A2F71E}"
EndProject
Project("{9A19103F-16F7-4668-BE54-9A1E7A4F7556}") = "MTConnect.NET-TLS", "libraries\MTConnect.NET-TLS\MTConnect.NET-TLS.csproj", "{EFCFB6D5-7DDB-4D23-868F-D75A6A216AB8}"
EndProject
Project("{9A19103F-16F7-4668-BE54-9A1E7A4F7556}") = "MTConnect.NET-XML", "libraries\MTConnect.NET-XML\MTConnect.NET-XML.csproj", "{4ADE7A9D-4365-4BBA-A2FD-E02D9B4CA3F0}"
EndProject
Project("{9A19103F-16F7-4668-BE54-9A1E7A4F7556}") = "MTConnect.NET-JSON", "libraries\MTConnect.NET-JSON\MTConnect.NET-JSON.csproj", "{5A7D314C-6503-4BCA-A733-71306520B2C1}"
EndProject
Project("{9A19103F-16F7-4668-BE54-9A1E7A4F7556}") = "MTConnect.NET-JSON-cppagent", "libraries\MTConnect.NET-JSON-cppagent\MTConnect.NET-JSON-cppagent.csproj", "{E3DDCFAA-7F59-40E4-B5EB-7C42CF1B41D6}"
EndProject
Project("{9A19103F-16F7-4668-BE54-9A1E7A4F7556}") = "MTConnect.NET-MQTT", "libraries\MTConnect.NET-MQTT\MTConnect.NET-MQTT.csproj", "{53BE4434-11AF-4424-B7A9-6724EBBB82A7}"
EndProject
Project("{9A19103F-16F7-4668-BE54-9A1E7A4F7556}") = "MTConnect.NET-SHDR", "libraries\MTConnect.NET-SHDR\MTConnect.NET-SHDR.csproj", "{4B8BE25E-DFA0-4AC3-B1D0-5F992D43CCBC}"
EndProject
Project("{9A19103F-16F7-4668-BE54-9A1E7A4F7556}") = "MTConnect.NET-SysML", "libraries\MTConnect.NET-SysML\MTConnect.NET-SysML.csproj", "{51E7E2D2-32DF-4739-98B7-8BE0DB8C11C9}"
EndProject
Project("{9A19103F-16F7-4668-BE54-9A1E7A4F7556}") = "MTConnect.NET", "libraries\MTConnect.NET\MTConnect.NET.csproj", "{18BAB7A4-34A0-4111-A734-D5B9A4577782}"
EndProject
Project("{9A19103F-16F7-4668-BE54-9A1E7A4F7556}") = "MTConnect-Agent", "agent\MTConnect-Agent\MTConnect-Agent.csproj", "{36251C90-9612-4447-B0BE-F7D7065D61E2}"
EndProject
Project("{9A19103F-16F7-4668-BE54-9A1E7A4F7556}") = "MTConnect.NET-Applications-Agents", "agent\MTConnect.NET-Applications-Agents\MTConnect.NET-Applications-Agents.csproj", "{ABBDA83A-8307-43A8-8EA8-EC84F37D5AAE}"
EndProject
Project("{9A19103F-16F7-4668-BE54-9A1E7A4F7556}") = "MTConnect-Adapter", "adapter\MTConnect-Adapter\MTConnect-Adapter.csproj", "{4AB05E9F-D2EA-4977-8476-A87711DFDF91}"
EndProject
Project("{9A19103F-16F7-4668-BE54-9A1E7A4F7556}") = "MTConnect.NET-Applications-Adapter", "adapter\MTConnect.NET-Applications-Adapter\MTConnect.NET-Applications-Adapter.csproj", "{59076253-A3F6-42C7-96CD-E001008ED70E}"
EndProject
Project("{9A19103F-16F7-4668-BE54-9A1E7A4F7556}") = "IntegrationTests", "tests\IntegrationTests\IntegrationTests.csproj", "{50649CF1-7DD2-42CC-9721-A941750210F0}"
EndProject
Project("{9A19103F-16F7-4668-BE54-9A1E7A4F7556}") = "MTConnect.NET-Common-Tests", "tests\MTConnect.NET-Common-Tests\MTConnect.NET-Common-Tests.csproj", "{C0BBADFF-D741-4FEB-8235-9335F58FB55E}"
EndProject
Project("{9A19103F-16F7-4668-BE54-9A1E7A4F7556}") = "MTConnect.NET-SHDR-Tests", "tests\MTConnect.NET-SHDR-Tests\MTConnect.NET-SHDR-Tests.csproj", "{22A31788-E592-4318-9882-BAF8BF285895}"
EndProject
Project("{9A19103F-16F7-4668-BE54-9A1E7A4F7556}") = "MTConnect.NET-XML-Tests", "tests\MTConnect.NET-XML-Tests\MTConnect.NET-XML-Tests.csproj", "{8AD3DE52-3EC4-49BC-B512-9976477C1E63}"
EndProject
Project("{9A19103F-16F7-4668-BE54-9A1E7A4F7556}") = "MTConnect.NET-SysML-Import", "build\MTConnect.NET-SysML-Import\MTConnect.NET-SysML-Import.csproj", "{C5F7C26D-F394-42F6-852B-C6981A99AA0F}"
EndProject
Project("{9A19103F-16F7-4668-BE54-9A1E7A4F7556}") = "MTConnect.NET-AgentProcessor-Python", "agent\Processors\MTConnect.NET-AgentProcessor-Python\MTConnect.NET-AgentProcessor-Python.csproj", "{F6FDE58F-6520-4BFB-9587-A7FF66628AD8}"
EndProject
Project("{9A19103F-16F7-4668-BE54-9A1E7A4F7556}") = "MTConnect.NET-AgentModule-MqttRelay", "agent\Modules\MTConnect.NET-AgentModule-MqttRelay\MTConnect.NET-AgentModule-MqttRelay.csproj", "{CB2E7F5A-55D5-43BD-ABC8-145E8436BE88}"
EndProject
Project("{9A19103F-16F7-4668-BE54-9A1E7A4F7556}") = "MTConnect.NET-AgentModule-HttpAdapter", "agent\Modules\MTConnect.NET-AgentModule-HttpAdapter\MTConnect.NET-AgentModule-HttpAdapter.csproj", "{2104A3F5-A157-4763-8B90-38CD103D93D8}"
EndProject
Project("{9A19103F-16F7-4668-BE54-9A1E7A4F7556}") = "MTConnect.NET-AgentModule-HttpServer", "agent\Modules\MTConnect.NET-AgentModule-HttpServer\MTConnect.NET-AgentModule-HttpServer.csproj", "{7025F1F6-F914-4830-8171-30872F184918}"
EndProject
Project("{9A19103F-16F7-4668-BE54-9A1E7A4F7556}") = "MTConnect.NET-AgentModule-ShdrAdapter", "agent\Modules\MTConnect.NET-AgentModule-ShdrAdapter\MTConnect.NET-AgentModule-ShdrAdapter.csproj", "{B6AAE7CE-AEBF-4F1A-929F-01665E85109E}"
EndProject
Project("{9A19103F-16F7-4668-BE54-9A1E7A4F7556}") = "MTConnect.NET-AdapterModule-MQTT", "adapter\Modules\MTConnect.NET-AdapterModule-MQTT\MTConnect.NET-AdapterModule-MQTT.csproj", "{BEBFD8B9-5448-49F9-BC92-C98564AA7C72}"
EndProject
Project("{9A19103F-16F7-4668-BE54-9A1E7A4F7556}") = "MTConnect.NET-AdapterModule-SHDR", "adapter\Modules\MTConnect.NET-AdapterModule-SHDR\MTConnect.NET-AdapterModule-SHDR.csproj", "{D2125645-0149-4D2D-BBF6-5E36E6EBB6C1}"
EndProject
Project("{FAE04EC0-301F-11D3-BF4B-00C04F79EFBC}") = "MTConnect.NET-Protobuf", "libraries\MTConnect.NET-Protobuf\MTConnect.NET-Protobuf.csproj", "{B4A1AFBE-5D57-45BA-B735-A2C2C20A971C}"
EndProject
Project("{9A19103F-16F7-4668-BE54-9A1E7A4F7556}") = "MTConnect.NET-AgentModule-MqttAdapter", "agent\Modules\MTConnect.NET-AgentModule-MqttAdapter\MTConnect.NET-AgentModule-MqttAdapter.csproj", "{ACD5D3A4-0474-4E24-BF18-1F699CDB101F}"
EndProject
Project("{2150E333-8FDC-42A3-9474-1A3956D46DE8}") = "Examples", "Examples", "{8B92CDDC-1202-44D3-8858-FA4581BCFF8A}"
EndProject
Global
	GlobalSection(SolutionConfigurationPlatforms) = preSolution
		Debug|Any CPU = Debug|Any CPU
		Docker|Any CPU = Docker|Any CPU
		Package|Any CPU = Package|Any CPU
		Release|Any CPU = Release|Any CPU
	EndGlobalSection
	GlobalSection(ProjectConfigurationPlatforms) = postSolution
		{5AF3BDBE-AE71-42A8-B05F-034220EC0F6D}.Debug|Any CPU.ActiveCfg = Debug|Any CPU
		{5AF3BDBE-AE71-42A8-B05F-034220EC0F6D}.Debug|Any CPU.Build.0 = Debug|Any CPU
		{5AF3BDBE-AE71-42A8-B05F-034220EC0F6D}.Docker|Any CPU.ActiveCfg = Debug|Any CPU
		{5AF3BDBE-AE71-42A8-B05F-034220EC0F6D}.Docker|Any CPU.Build.0 = Debug|Any CPU
		{5AF3BDBE-AE71-42A8-B05F-034220EC0F6D}.Package|Any CPU.ActiveCfg = Package|Any CPU
		{5AF3BDBE-AE71-42A8-B05F-034220EC0F6D}.Package|Any CPU.Build.0 = Package|Any CPU
		{5AF3BDBE-AE71-42A8-B05F-034220EC0F6D}.Release|Any CPU.ActiveCfg = Release|Any CPU
		{5AF3BDBE-AE71-42A8-B05F-034220EC0F6D}.Release|Any CPU.Build.0 = Release|Any CPU
		{63D23EE9-4E75-41AB-9328-6D01A7BA5BF9}.Debug|Any CPU.ActiveCfg = Debug|Any CPU
		{63D23EE9-4E75-41AB-9328-6D01A7BA5BF9}.Debug|Any CPU.Build.0 = Debug|Any CPU
		{63D23EE9-4E75-41AB-9328-6D01A7BA5BF9}.Docker|Any CPU.ActiveCfg = Debug|Any CPU
		{63D23EE9-4E75-41AB-9328-6D01A7BA5BF9}.Docker|Any CPU.Build.0 = Debug|Any CPU
		{63D23EE9-4E75-41AB-9328-6D01A7BA5BF9}.Package|Any CPU.ActiveCfg = Package|Any CPU
		{63D23EE9-4E75-41AB-9328-6D01A7BA5BF9}.Package|Any CPU.Build.0 = Package|Any CPU
		{63D23EE9-4E75-41AB-9328-6D01A7BA5BF9}.Release|Any CPU.ActiveCfg = Release|Any CPU
		{63D23EE9-4E75-41AB-9328-6D01A7BA5BF9}.Release|Any CPU.Build.0 = Release|Any CPU
		{DE980069-82AA-4606-8D24-A1BD0B07BF98}.Debug|Any CPU.ActiveCfg = Debug|Any CPU
		{DE980069-82AA-4606-8D24-A1BD0B07BF98}.Debug|Any CPU.Build.0 = Debug|Any CPU
		{DE980069-82AA-4606-8D24-A1BD0B07BF98}.Docker|Any CPU.ActiveCfg = Debug|Any CPU
		{DE980069-82AA-4606-8D24-A1BD0B07BF98}.Docker|Any CPU.Build.0 = Debug|Any CPU
		{DE980069-82AA-4606-8D24-A1BD0B07BF98}.Package|Any CPU.ActiveCfg = Package|Any CPU
		{DE980069-82AA-4606-8D24-A1BD0B07BF98}.Package|Any CPU.Build.0 = Package|Any CPU
		{DE980069-82AA-4606-8D24-A1BD0B07BF98}.Release|Any CPU.ActiveCfg = Release|Any CPU
		{DE980069-82AA-4606-8D24-A1BD0B07BF98}.Release|Any CPU.Build.0 = Release|Any CPU
		{BFE01941-4DD1-40A3-ABBE-648C15A2F71E}.Debug|Any CPU.ActiveCfg = Debug|Any CPU
		{BFE01941-4DD1-40A3-ABBE-648C15A2F71E}.Debug|Any CPU.Build.0 = Debug|Any CPU
		{BFE01941-4DD1-40A3-ABBE-648C15A2F71E}.Docker|Any CPU.ActiveCfg = Debug|Any CPU
		{BFE01941-4DD1-40A3-ABBE-648C15A2F71E}.Docker|Any CPU.Build.0 = Debug|Any CPU
		{BFE01941-4DD1-40A3-ABBE-648C15A2F71E}.Package|Any CPU.ActiveCfg = Package|Any CPU
		{BFE01941-4DD1-40A3-ABBE-648C15A2F71E}.Package|Any CPU.Build.0 = Package|Any CPU
		{BFE01941-4DD1-40A3-ABBE-648C15A2F71E}.Release|Any CPU.ActiveCfg = Release|Any CPU
		{BFE01941-4DD1-40A3-ABBE-648C15A2F71E}.Release|Any CPU.Build.0 = Release|Any CPU
		{EFCFB6D5-7DDB-4D23-868F-D75A6A216AB8}.Debug|Any CPU.ActiveCfg = Debug|Any CPU
		{EFCFB6D5-7DDB-4D23-868F-D75A6A216AB8}.Debug|Any CPU.Build.0 = Debug|Any CPU
		{EFCFB6D5-7DDB-4D23-868F-D75A6A216AB8}.Docker|Any CPU.ActiveCfg = Debug|Any CPU
		{EFCFB6D5-7DDB-4D23-868F-D75A6A216AB8}.Docker|Any CPU.Build.0 = Debug|Any CPU
		{EFCFB6D5-7DDB-4D23-868F-D75A6A216AB8}.Package|Any CPU.ActiveCfg = Package|Any CPU
		{EFCFB6D5-7DDB-4D23-868F-D75A6A216AB8}.Package|Any CPU.Build.0 = Package|Any CPU
		{EFCFB6D5-7DDB-4D23-868F-D75A6A216AB8}.Release|Any CPU.ActiveCfg = Release|Any CPU
		{EFCFB6D5-7DDB-4D23-868F-D75A6A216AB8}.Release|Any CPU.Build.0 = Release|Any CPU
		{4ADE7A9D-4365-4BBA-A2FD-E02D9B4CA3F0}.Debug|Any CPU.ActiveCfg = Debug|Any CPU
		{4ADE7A9D-4365-4BBA-A2FD-E02D9B4CA3F0}.Debug|Any CPU.Build.0 = Debug|Any CPU
		{4ADE7A9D-4365-4BBA-A2FD-E02D9B4CA3F0}.Docker|Any CPU.ActiveCfg = Debug|Any CPU
		{4ADE7A9D-4365-4BBA-A2FD-E02D9B4CA3F0}.Docker|Any CPU.Build.0 = Debug|Any CPU
		{4ADE7A9D-4365-4BBA-A2FD-E02D9B4CA3F0}.Package|Any CPU.ActiveCfg = Package|Any CPU
		{4ADE7A9D-4365-4BBA-A2FD-E02D9B4CA3F0}.Package|Any CPU.Build.0 = Package|Any CPU
		{4ADE7A9D-4365-4BBA-A2FD-E02D9B4CA3F0}.Release|Any CPU.ActiveCfg = Release|Any CPU
		{4ADE7A9D-4365-4BBA-A2FD-E02D9B4CA3F0}.Release|Any CPU.Build.0 = Release|Any CPU
		{5A7D314C-6503-4BCA-A733-71306520B2C1}.Debug|Any CPU.ActiveCfg = Debug|Any CPU
		{5A7D314C-6503-4BCA-A733-71306520B2C1}.Debug|Any CPU.Build.0 = Debug|Any CPU
		{5A7D314C-6503-4BCA-A733-71306520B2C1}.Docker|Any CPU.ActiveCfg = Debug|Any CPU
		{5A7D314C-6503-4BCA-A733-71306520B2C1}.Docker|Any CPU.Build.0 = Debug|Any CPU
		{5A7D314C-6503-4BCA-A733-71306520B2C1}.Package|Any CPU.ActiveCfg = Package|Any CPU
		{5A7D314C-6503-4BCA-A733-71306520B2C1}.Package|Any CPU.Build.0 = Package|Any CPU
		{5A7D314C-6503-4BCA-A733-71306520B2C1}.Release|Any CPU.ActiveCfg = Release|Any CPU
		{5A7D314C-6503-4BCA-A733-71306520B2C1}.Release|Any CPU.Build.0 = Release|Any CPU
		{E3DDCFAA-7F59-40E4-B5EB-7C42CF1B41D6}.Debug|Any CPU.ActiveCfg = Debug|Any CPU
		{E3DDCFAA-7F59-40E4-B5EB-7C42CF1B41D6}.Debug|Any CPU.Build.0 = Debug|Any CPU
		{E3DDCFAA-7F59-40E4-B5EB-7C42CF1B41D6}.Docker|Any CPU.ActiveCfg = Debug|Any CPU
		{E3DDCFAA-7F59-40E4-B5EB-7C42CF1B41D6}.Docker|Any CPU.Build.0 = Debug|Any CPU
		{E3DDCFAA-7F59-40E4-B5EB-7C42CF1B41D6}.Package|Any CPU.ActiveCfg = Package|Any CPU
		{E3DDCFAA-7F59-40E4-B5EB-7C42CF1B41D6}.Package|Any CPU.Build.0 = Package|Any CPU
		{E3DDCFAA-7F59-40E4-B5EB-7C42CF1B41D6}.Release|Any CPU.ActiveCfg = Release|Any CPU
		{E3DDCFAA-7F59-40E4-B5EB-7C42CF1B41D6}.Release|Any CPU.Build.0 = Release|Any CPU
		{53BE4434-11AF-4424-B7A9-6724EBBB82A7}.Debug|Any CPU.ActiveCfg = Debug|Any CPU
		{53BE4434-11AF-4424-B7A9-6724EBBB82A7}.Debug|Any CPU.Build.0 = Debug|Any CPU
		{53BE4434-11AF-4424-B7A9-6724EBBB82A7}.Docker|Any CPU.ActiveCfg = Debug|Any CPU
		{53BE4434-11AF-4424-B7A9-6724EBBB82A7}.Docker|Any CPU.Build.0 = Debug|Any CPU
		{53BE4434-11AF-4424-B7A9-6724EBBB82A7}.Package|Any CPU.ActiveCfg = Package|Any CPU
		{53BE4434-11AF-4424-B7A9-6724EBBB82A7}.Package|Any CPU.Build.0 = Package|Any CPU
		{53BE4434-11AF-4424-B7A9-6724EBBB82A7}.Release|Any CPU.ActiveCfg = Release|Any CPU
		{53BE4434-11AF-4424-B7A9-6724EBBB82A7}.Release|Any CPU.Build.0 = Release|Any CPU
		{4B8BE25E-DFA0-4AC3-B1D0-5F992D43CCBC}.Debug|Any CPU.ActiveCfg = Debug|Any CPU
		{4B8BE25E-DFA0-4AC3-B1D0-5F992D43CCBC}.Debug|Any CPU.Build.0 = Debug|Any CPU
		{4B8BE25E-DFA0-4AC3-B1D0-5F992D43CCBC}.Docker|Any CPU.ActiveCfg = Debug|Any CPU
		{4B8BE25E-DFA0-4AC3-B1D0-5F992D43CCBC}.Docker|Any CPU.Build.0 = Debug|Any CPU
		{4B8BE25E-DFA0-4AC3-B1D0-5F992D43CCBC}.Package|Any CPU.ActiveCfg = Package|Any CPU
		{4B8BE25E-DFA0-4AC3-B1D0-5F992D43CCBC}.Package|Any CPU.Build.0 = Package|Any CPU
		{4B8BE25E-DFA0-4AC3-B1D0-5F992D43CCBC}.Release|Any CPU.ActiveCfg = Release|Any CPU
		{4B8BE25E-DFA0-4AC3-B1D0-5F992D43CCBC}.Release|Any CPU.Build.0 = Release|Any CPU
		{51E7E2D2-32DF-4739-98B7-8BE0DB8C11C9}.Debug|Any CPU.ActiveCfg = Debug|Any CPU
		{51E7E2D2-32DF-4739-98B7-8BE0DB8C11C9}.Debug|Any CPU.Build.0 = Debug|Any CPU
		{51E7E2D2-32DF-4739-98B7-8BE0DB8C11C9}.Docker|Any CPU.ActiveCfg = Debug|Any CPU
		{51E7E2D2-32DF-4739-98B7-8BE0DB8C11C9}.Docker|Any CPU.Build.0 = Debug|Any CPU
		{51E7E2D2-32DF-4739-98B7-8BE0DB8C11C9}.Package|Any CPU.ActiveCfg = Debug|Any CPU
		{51E7E2D2-32DF-4739-98B7-8BE0DB8C11C9}.Package|Any CPU.Build.0 = Debug|Any CPU
		{51E7E2D2-32DF-4739-98B7-8BE0DB8C11C9}.Release|Any CPU.ActiveCfg = Release|Any CPU
		{51E7E2D2-32DF-4739-98B7-8BE0DB8C11C9}.Release|Any CPU.Build.0 = Release|Any CPU
		{18BAB7A4-34A0-4111-A734-D5B9A4577782}.Debug|Any CPU.ActiveCfg = Debug|Any CPU
		{18BAB7A4-34A0-4111-A734-D5B9A4577782}.Debug|Any CPU.Build.0 = Debug|Any CPU
		{18BAB7A4-34A0-4111-A734-D5B9A4577782}.Docker|Any CPU.ActiveCfg = Debug|Any CPU
		{18BAB7A4-34A0-4111-A734-D5B9A4577782}.Docker|Any CPU.Build.0 = Debug|Any CPU
		{18BAB7A4-34A0-4111-A734-D5B9A4577782}.Package|Any CPU.ActiveCfg = Package|Any CPU
		{18BAB7A4-34A0-4111-A734-D5B9A4577782}.Package|Any CPU.Build.0 = Package|Any CPU
		{18BAB7A4-34A0-4111-A734-D5B9A4577782}.Release|Any CPU.ActiveCfg = Release|Any CPU
		{18BAB7A4-34A0-4111-A734-D5B9A4577782}.Release|Any CPU.Build.0 = Release|Any CPU
		{36251C90-9612-4447-B0BE-F7D7065D61E2}.Debug|Any CPU.ActiveCfg = Debug|Any CPU
		{36251C90-9612-4447-B0BE-F7D7065D61E2}.Debug|Any CPU.Build.0 = Debug|Any CPU
		{36251C90-9612-4447-B0BE-F7D7065D61E2}.Docker|Any CPU.ActiveCfg = Docker|Any CPU
		{36251C90-9612-4447-B0BE-F7D7065D61E2}.Docker|Any CPU.Build.0 = Docker|Any CPU
		{36251C90-9612-4447-B0BE-F7D7065D61E2}.Package|Any CPU.ActiveCfg = Debug|Any CPU
		{36251C90-9612-4447-B0BE-F7D7065D61E2}.Package|Any CPU.Build.0 = Debug|Any CPU
		{36251C90-9612-4447-B0BE-F7D7065D61E2}.Release|Any CPU.ActiveCfg = Release|Any CPU
		{36251C90-9612-4447-B0BE-F7D7065D61E2}.Release|Any CPU.Build.0 = Release|Any CPU
		{ABBDA83A-8307-43A8-8EA8-EC84F37D5AAE}.Debug|Any CPU.ActiveCfg = Debug|Any CPU
		{ABBDA83A-8307-43A8-8EA8-EC84F37D5AAE}.Debug|Any CPU.Build.0 = Debug|Any CPU
		{ABBDA83A-8307-43A8-8EA8-EC84F37D5AAE}.Docker|Any CPU.ActiveCfg = Debug|Any CPU
		{ABBDA83A-8307-43A8-8EA8-EC84F37D5AAE}.Docker|Any CPU.Build.0 = Debug|Any CPU
		{ABBDA83A-8307-43A8-8EA8-EC84F37D5AAE}.Package|Any CPU.ActiveCfg = Package|Any CPU
		{ABBDA83A-8307-43A8-8EA8-EC84F37D5AAE}.Package|Any CPU.Build.0 = Package|Any CPU
		{ABBDA83A-8307-43A8-8EA8-EC84F37D5AAE}.Release|Any CPU.ActiveCfg = Release|Any CPU
		{ABBDA83A-8307-43A8-8EA8-EC84F37D5AAE}.Release|Any CPU.Build.0 = Release|Any CPU
		{4AB05E9F-D2EA-4977-8476-A87711DFDF91}.Debug|Any CPU.ActiveCfg = Debug|Any CPU
		{4AB05E9F-D2EA-4977-8476-A87711DFDF91}.Debug|Any CPU.Build.0 = Debug|Any CPU
		{4AB05E9F-D2EA-4977-8476-A87711DFDF91}.Docker|Any CPU.ActiveCfg = Docker|Any CPU
		{4AB05E9F-D2EA-4977-8476-A87711DFDF91}.Docker|Any CPU.Build.0 = Docker|Any CPU
		{4AB05E9F-D2EA-4977-8476-A87711DFDF91}.Package|Any CPU.ActiveCfg = Debug|Any CPU
		{4AB05E9F-D2EA-4977-8476-A87711DFDF91}.Package|Any CPU.Build.0 = Debug|Any CPU
		{4AB05E9F-D2EA-4977-8476-A87711DFDF91}.Release|Any CPU.ActiveCfg = Release|Any CPU
		{4AB05E9F-D2EA-4977-8476-A87711DFDF91}.Release|Any CPU.Build.0 = Release|Any CPU
		{59076253-A3F6-42C7-96CD-E001008ED70E}.Debug|Any CPU.ActiveCfg = Debug|Any CPU
		{59076253-A3F6-42C7-96CD-E001008ED70E}.Debug|Any CPU.Build.0 = Debug|Any CPU
		{59076253-A3F6-42C7-96CD-E001008ED70E}.Docker|Any CPU.ActiveCfg = Debug|Any CPU
		{59076253-A3F6-42C7-96CD-E001008ED70E}.Docker|Any CPU.Build.0 = Debug|Any CPU
		{59076253-A3F6-42C7-96CD-E001008ED70E}.Package|Any CPU.ActiveCfg = Package|Any CPU
		{59076253-A3F6-42C7-96CD-E001008ED70E}.Package|Any CPU.Build.0 = Package|Any CPU
		{59076253-A3F6-42C7-96CD-E001008ED70E}.Release|Any CPU.ActiveCfg = Release|Any CPU
		{59076253-A3F6-42C7-96CD-E001008ED70E}.Release|Any CPU.Build.0 = Release|Any CPU
		{50649CF1-7DD2-42CC-9721-A941750210F0}.Debug|Any CPU.ActiveCfg = Debug|Any CPU
		{50649CF1-7DD2-42CC-9721-A941750210F0}.Debug|Any CPU.Build.0 = Debug|Any CPU
		{50649CF1-7DD2-42CC-9721-A941750210F0}.Docker|Any CPU.ActiveCfg = Debug|Any CPU
		{50649CF1-7DD2-42CC-9721-A941750210F0}.Docker|Any CPU.Build.0 = Debug|Any CPU
		{50649CF1-7DD2-42CC-9721-A941750210F0}.Package|Any CPU.ActiveCfg = Debug|Any CPU
		{50649CF1-7DD2-42CC-9721-A941750210F0}.Package|Any CPU.Build.0 = Debug|Any CPU
		{50649CF1-7DD2-42CC-9721-A941750210F0}.Release|Any CPU.ActiveCfg = Release|Any CPU
		{50649CF1-7DD2-42CC-9721-A941750210F0}.Release|Any CPU.Build.0 = Release|Any CPU
		{C0BBADFF-D741-4FEB-8235-9335F58FB55E}.Debug|Any CPU.ActiveCfg = Debug|Any CPU
		{C0BBADFF-D741-4FEB-8235-9335F58FB55E}.Debug|Any CPU.Build.0 = Debug|Any CPU
		{C0BBADFF-D741-4FEB-8235-9335F58FB55E}.Docker|Any CPU.ActiveCfg = Debug|Any CPU
		{C0BBADFF-D741-4FEB-8235-9335F58FB55E}.Docker|Any CPU.Build.0 = Debug|Any CPU
		{C0BBADFF-D741-4FEB-8235-9335F58FB55E}.Package|Any CPU.ActiveCfg = Debug|Any CPU
		{C0BBADFF-D741-4FEB-8235-9335F58FB55E}.Package|Any CPU.Build.0 = Debug|Any CPU
		{C0BBADFF-D741-4FEB-8235-9335F58FB55E}.Release|Any CPU.ActiveCfg = Release|Any CPU
		{C0BBADFF-D741-4FEB-8235-9335F58FB55E}.Release|Any CPU.Build.0 = Release|Any CPU
		{22A31788-E592-4318-9882-BAF8BF285895}.Debug|Any CPU.ActiveCfg = Debug|Any CPU
		{22A31788-E592-4318-9882-BAF8BF285895}.Debug|Any CPU.Build.0 = Debug|Any CPU
		{22A31788-E592-4318-9882-BAF8BF285895}.Docker|Any CPU.ActiveCfg = Debug|Any CPU
		{22A31788-E592-4318-9882-BAF8BF285895}.Docker|Any CPU.Build.0 = Debug|Any CPU
		{22A31788-E592-4318-9882-BAF8BF285895}.Package|Any CPU.ActiveCfg = Debug|Any CPU
		{22A31788-E592-4318-9882-BAF8BF285895}.Package|Any CPU.Build.0 = Debug|Any CPU
		{22A31788-E592-4318-9882-BAF8BF285895}.Release|Any CPU.ActiveCfg = Release|Any CPU
		{22A31788-E592-4318-9882-BAF8BF285895}.Release|Any CPU.Build.0 = Release|Any CPU
		{8AD3DE52-3EC4-49BC-B512-9976477C1E63}.Debug|Any CPU.ActiveCfg = Debug|Any CPU
		{8AD3DE52-3EC4-49BC-B512-9976477C1E63}.Debug|Any CPU.Build.0 = Debug|Any CPU
		{8AD3DE52-3EC4-49BC-B512-9976477C1E63}.Docker|Any CPU.ActiveCfg = Debug|Any CPU
		{8AD3DE52-3EC4-49BC-B512-9976477C1E63}.Docker|Any CPU.Build.0 = Debug|Any CPU
		{8AD3DE52-3EC4-49BC-B512-9976477C1E63}.Package|Any CPU.ActiveCfg = Debug|Any CPU
		{8AD3DE52-3EC4-49BC-B512-9976477C1E63}.Package|Any CPU.Build.0 = Debug|Any CPU
		{8AD3DE52-3EC4-49BC-B512-9976477C1E63}.Release|Any CPU.ActiveCfg = Release|Any CPU
		{8AD3DE52-3EC4-49BC-B512-9976477C1E63}.Release|Any CPU.Build.0 = Release|Any CPU
		{C5F7C26D-F394-42F6-852B-C6981A99AA0F}.Debug|Any CPU.ActiveCfg = Debug|Any CPU
		{C5F7C26D-F394-42F6-852B-C6981A99AA0F}.Debug|Any CPU.Build.0 = Debug|Any CPU
		{C5F7C26D-F394-42F6-852B-C6981A99AA0F}.Docker|Any CPU.ActiveCfg = Debug|Any CPU
		{C5F7C26D-F394-42F6-852B-C6981A99AA0F}.Docker|Any CPU.Build.0 = Debug|Any CPU
		{C5F7C26D-F394-42F6-852B-C6981A99AA0F}.Package|Any CPU.ActiveCfg = Debug|Any CPU
		{C5F7C26D-F394-42F6-852B-C6981A99AA0F}.Package|Any CPU.Build.0 = Debug|Any CPU
		{C5F7C26D-F394-42F6-852B-C6981A99AA0F}.Release|Any CPU.ActiveCfg = Release|Any CPU
		{C5F7C26D-F394-42F6-852B-C6981A99AA0F}.Release|Any CPU.Build.0 = Release|Any CPU
		{F6FDE58F-6520-4BFB-9587-A7FF66628AD8}.Debug|Any CPU.ActiveCfg = Debug|Any CPU
		{F6FDE58F-6520-4BFB-9587-A7FF66628AD8}.Debug|Any CPU.Build.0 = Debug|Any CPU
		{F6FDE58F-6520-4BFB-9587-A7FF66628AD8}.Docker|Any CPU.ActiveCfg = Debug|Any CPU
		{F6FDE58F-6520-4BFB-9587-A7FF66628AD8}.Docker|Any CPU.Build.0 = Debug|Any CPU
		{F6FDE58F-6520-4BFB-9587-A7FF66628AD8}.Package|Any CPU.ActiveCfg = Package|Any CPU
		{F6FDE58F-6520-4BFB-9587-A7FF66628AD8}.Package|Any CPU.Build.0 = Package|Any CPU
		{F6FDE58F-6520-4BFB-9587-A7FF66628AD8}.Release|Any CPU.ActiveCfg = Release|Any CPU
		{F6FDE58F-6520-4BFB-9587-A7FF66628AD8}.Release|Any CPU.Build.0 = Release|Any CPU
		{CB2E7F5A-55D5-43BD-ABC8-145E8436BE88}.Debug|Any CPU.ActiveCfg = Debug|Any CPU
		{CB2E7F5A-55D5-43BD-ABC8-145E8436BE88}.Debug|Any CPU.Build.0 = Debug|Any CPU
		{CB2E7F5A-55D5-43BD-ABC8-145E8436BE88}.Docker|Any CPU.ActiveCfg = Debug|Any CPU
		{CB2E7F5A-55D5-43BD-ABC8-145E8436BE88}.Docker|Any CPU.Build.0 = Debug|Any CPU
		{CB2E7F5A-55D5-43BD-ABC8-145E8436BE88}.Package|Any CPU.ActiveCfg = Debug|Any CPU
		{CB2E7F5A-55D5-43BD-ABC8-145E8436BE88}.Package|Any CPU.Build.0 = Debug|Any CPU
		{CB2E7F5A-55D5-43BD-ABC8-145E8436BE88}.Release|Any CPU.ActiveCfg = Release|Any CPU
		{CB2E7F5A-55D5-43BD-ABC8-145E8436BE88}.Release|Any CPU.Build.0 = Release|Any CPU
		{2104A3F5-A157-4763-8B90-38CD103D93D8}.Debug|Any CPU.ActiveCfg = Debug|Any CPU
		{2104A3F5-A157-4763-8B90-38CD103D93D8}.Debug|Any CPU.Build.0 = Debug|Any CPU
		{2104A3F5-A157-4763-8B90-38CD103D93D8}.Docker|Any CPU.ActiveCfg = Debug|Any CPU
		{2104A3F5-A157-4763-8B90-38CD103D93D8}.Docker|Any CPU.Build.0 = Debug|Any CPU
		{2104A3F5-A157-4763-8B90-38CD103D93D8}.Package|Any CPU.ActiveCfg = Package|Any CPU
		{2104A3F5-A157-4763-8B90-38CD103D93D8}.Package|Any CPU.Build.0 = Package|Any CPU
		{2104A3F5-A157-4763-8B90-38CD103D93D8}.Release|Any CPU.ActiveCfg = Release|Any CPU
		{2104A3F5-A157-4763-8B90-38CD103D93D8}.Release|Any CPU.Build.0 = Release|Any CPU
		{7025F1F6-F914-4830-8171-30872F184918}.Debug|Any CPU.ActiveCfg = Debug|Any CPU
		{7025F1F6-F914-4830-8171-30872F184918}.Debug|Any CPU.Build.0 = Debug|Any CPU
		{7025F1F6-F914-4830-8171-30872F184918}.Docker|Any CPU.ActiveCfg = Debug|Any CPU
		{7025F1F6-F914-4830-8171-30872F184918}.Docker|Any CPU.Build.0 = Debug|Any CPU
		{7025F1F6-F914-4830-8171-30872F184918}.Package|Any CPU.ActiveCfg = Package|Any CPU
		{7025F1F6-F914-4830-8171-30872F184918}.Package|Any CPU.Build.0 = Package|Any CPU
		{7025F1F6-F914-4830-8171-30872F184918}.Release|Any CPU.ActiveCfg = Release|Any CPU
		{7025F1F6-F914-4830-8171-30872F184918}.Release|Any CPU.Build.0 = Release|Any CPU
		{B6AAE7CE-AEBF-4F1A-929F-01665E85109E}.Debug|Any CPU.ActiveCfg = Debug|Any CPU
		{B6AAE7CE-AEBF-4F1A-929F-01665E85109E}.Debug|Any CPU.Build.0 = Debug|Any CPU
		{B6AAE7CE-AEBF-4F1A-929F-01665E85109E}.Docker|Any CPU.ActiveCfg = Debug|Any CPU
		{B6AAE7CE-AEBF-4F1A-929F-01665E85109E}.Docker|Any CPU.Build.0 = Debug|Any CPU
		{B6AAE7CE-AEBF-4F1A-929F-01665E85109E}.Package|Any CPU.ActiveCfg = Package|Any CPU
		{B6AAE7CE-AEBF-4F1A-929F-01665E85109E}.Package|Any CPU.Build.0 = Package|Any CPU
		{B6AAE7CE-AEBF-4F1A-929F-01665E85109E}.Release|Any CPU.ActiveCfg = Release|Any CPU
		{B6AAE7CE-AEBF-4F1A-929F-01665E85109E}.Release|Any CPU.Build.0 = Release|Any CPU
		{BEBFD8B9-5448-49F9-BC92-C98564AA7C72}.Debug|Any CPU.ActiveCfg = Debug|Any CPU
		{BEBFD8B9-5448-49F9-BC92-C98564AA7C72}.Debug|Any CPU.Build.0 = Debug|Any CPU
		{BEBFD8B9-5448-49F9-BC92-C98564AA7C72}.Docker|Any CPU.ActiveCfg = Debug|Any CPU
		{BEBFD8B9-5448-49F9-BC92-C98564AA7C72}.Docker|Any CPU.Build.0 = Debug|Any CPU
		{BEBFD8B9-5448-49F9-BC92-C98564AA7C72}.Package|Any CPU.ActiveCfg = Debug|Any CPU
		{BEBFD8B9-5448-49F9-BC92-C98564AA7C72}.Package|Any CPU.Build.0 = Debug|Any CPU
		{BEBFD8B9-5448-49F9-BC92-C98564AA7C72}.Release|Any CPU.ActiveCfg = Release|Any CPU
		{BEBFD8B9-5448-49F9-BC92-C98564AA7C72}.Release|Any CPU.Build.0 = Release|Any CPU
		{D2125645-0149-4D2D-BBF6-5E36E6EBB6C1}.Debug|Any CPU.ActiveCfg = Debug|Any CPU
		{D2125645-0149-4D2D-BBF6-5E36E6EBB6C1}.Debug|Any CPU.Build.0 = Debug|Any CPU
		{D2125645-0149-4D2D-BBF6-5E36E6EBB6C1}.Docker|Any CPU.ActiveCfg = Debug|Any CPU
		{D2125645-0149-4D2D-BBF6-5E36E6EBB6C1}.Docker|Any CPU.Build.0 = Debug|Any CPU
		{D2125645-0149-4D2D-BBF6-5E36E6EBB6C1}.Package|Any CPU.ActiveCfg = Debug|Any CPU
		{D2125645-0149-4D2D-BBF6-5E36E6EBB6C1}.Package|Any CPU.Build.0 = Debug|Any CPU
		{D2125645-0149-4D2D-BBF6-5E36E6EBB6C1}.Release|Any CPU.ActiveCfg = Release|Any CPU
		{D2125645-0149-4D2D-BBF6-5E36E6EBB6C1}.Release|Any CPU.Build.0 = Release|Any CPU
		{B4A1AFBE-5D57-45BA-B735-A2C2C20A971C}.Debug|Any CPU.ActiveCfg = Debug|Any CPU
		{B4A1AFBE-5D57-45BA-B735-A2C2C20A971C}.Debug|Any CPU.Build.0 = Debug|Any CPU
		{B4A1AFBE-5D57-45BA-B735-A2C2C20A971C}.Docker|Any CPU.ActiveCfg = Debug|Any CPU
		{B4A1AFBE-5D57-45BA-B735-A2C2C20A971C}.Docker|Any CPU.Build.0 = Debug|Any CPU
		{B4A1AFBE-5D57-45BA-B735-A2C2C20A971C}.Package|Any CPU.ActiveCfg = Debug|Any CPU
		{B4A1AFBE-5D57-45BA-B735-A2C2C20A971C}.Package|Any CPU.Build.0 = Debug|Any CPU
		{B4A1AFBE-5D57-45BA-B735-A2C2C20A971C}.Release|Any CPU.ActiveCfg = Release|Any CPU
		{B4A1AFBE-5D57-45BA-B735-A2C2C20A971C}.Release|Any CPU.Build.0 = Release|Any CPU
		{ACD5D3A4-0474-4E24-BF18-1F699CDB101F}.Debug|Any CPU.ActiveCfg = Debug|Any CPU
		{ACD5D3A4-0474-4E24-BF18-1F699CDB101F}.Debug|Any CPU.Build.0 = Debug|Any CPU
		{ACD5D3A4-0474-4E24-BF18-1F699CDB101F}.Docker|Any CPU.ActiveCfg = Debug|Any CPU
		{ACD5D3A4-0474-4E24-BF18-1F699CDB101F}.Docker|Any CPU.Build.0 = Debug|Any CPU
		{ACD5D3A4-0474-4E24-BF18-1F699CDB101F}.Package|Any CPU.ActiveCfg = Package|Any CPU
		{ACD5D3A4-0474-4E24-BF18-1F699CDB101F}.Package|Any CPU.Build.0 = Package|Any CPU
		{ACD5D3A4-0474-4E24-BF18-1F699CDB101F}.Release|Any CPU.ActiveCfg = Release|Any CPU
		{ACD5D3A4-0474-4E24-BF18-1F699CDB101F}.Release|Any CPU.Build.0 = Release|Any CPU
	EndGlobalSection
	GlobalSection(SolutionProperties) = preSolution
		HideSolutionNode = FALSE
	EndGlobalSection
	GlobalSection(NestedProjects) = preSolution
		{0F01D2F5-0CFA-4DAE-A0FD-5733D291F6FB} = {C3791CDD-9446-4584-AA80-0C41FCB63B88}
		{98D838F5-2AEB-4F62-A803-115C57C1E982} = {C3791CDD-9446-4584-AA80-0C41FCB63B88}
		{494ACCF3-8FB7-429D-9119-92F7DD646B5F} = {5C1723BE-3FA0-4C64-AFEC-4343ADCEAE2B}
		{5AF3BDBE-AE71-42A8-B05F-034220EC0F6D} = {B7CCD58C-A3F3-43BE-BBF8-2B20D118C39D}
		{63D23EE9-4E75-41AB-9328-6D01A7BA5BF9} = {B7CCD58C-A3F3-43BE-BBF8-2B20D118C39D}
		{DE980069-82AA-4606-8D24-A1BD0B07BF98} = {B7CCD58C-A3F3-43BE-BBF8-2B20D118C39D}
		{BFE01941-4DD1-40A3-ABBE-648C15A2F71E} = {B7CCD58C-A3F3-43BE-BBF8-2B20D118C39D}
		{EFCFB6D5-7DDB-4D23-868F-D75A6A216AB8} = {B7CCD58C-A3F3-43BE-BBF8-2B20D118C39D}
		{4ADE7A9D-4365-4BBA-A2FD-E02D9B4CA3F0} = {B7CCD58C-A3F3-43BE-BBF8-2B20D118C39D}
		{5A7D314C-6503-4BCA-A733-71306520B2C1} = {B7CCD58C-A3F3-43BE-BBF8-2B20D118C39D}
		{E3DDCFAA-7F59-40E4-B5EB-7C42CF1B41D6} = {B7CCD58C-A3F3-43BE-BBF8-2B20D118C39D}
		{53BE4434-11AF-4424-B7A9-6724EBBB82A7} = {B7CCD58C-A3F3-43BE-BBF8-2B20D118C39D}
		{4B8BE25E-DFA0-4AC3-B1D0-5F992D43CCBC} = {B7CCD58C-A3F3-43BE-BBF8-2B20D118C39D}
		{51E7E2D2-32DF-4739-98B7-8BE0DB8C11C9} = {B7CCD58C-A3F3-43BE-BBF8-2B20D118C39D}
		{18BAB7A4-34A0-4111-A734-D5B9A4577782} = {B7CCD58C-A3F3-43BE-BBF8-2B20D118C39D}
		{36251C90-9612-4447-B0BE-F7D7065D61E2} = {C3791CDD-9446-4584-AA80-0C41FCB63B88}
		{ABBDA83A-8307-43A8-8EA8-EC84F37D5AAE} = {C3791CDD-9446-4584-AA80-0C41FCB63B88}
		{4AB05E9F-D2EA-4977-8476-A87711DFDF91} = {5C1723BE-3FA0-4C64-AFEC-4343ADCEAE2B}
		{59076253-A3F6-42C7-96CD-E001008ED70E} = {5C1723BE-3FA0-4C64-AFEC-4343ADCEAE2B}
		{50649CF1-7DD2-42CC-9721-A941750210F0} = {14375E03-6BF8-45E6-B868-D2399368992B}
		{C0BBADFF-D741-4FEB-8235-9335F58FB55E} = {14375E03-6BF8-45E6-B868-D2399368992B}
		{22A31788-E592-4318-9882-BAF8BF285895} = {14375E03-6BF8-45E6-B868-D2399368992B}
		{8AD3DE52-3EC4-49BC-B512-9976477C1E63} = {14375E03-6BF8-45E6-B868-D2399368992B}
		{C5F7C26D-F394-42F6-852B-C6981A99AA0F} = {BBF53739-168D-4635-8595-083AC0C65E4C}
		{F6FDE58F-6520-4BFB-9587-A7FF66628AD8} = {98D838F5-2AEB-4F62-A803-115C57C1E982}
		{CB2E7F5A-55D5-43BD-ABC8-145E8436BE88} = {0F01D2F5-0CFA-4DAE-A0FD-5733D291F6FB}
		{2104A3F5-A157-4763-8B90-38CD103D93D8} = {0F01D2F5-0CFA-4DAE-A0FD-5733D291F6FB}
		{7025F1F6-F914-4830-8171-30872F184918} = {0F01D2F5-0CFA-4DAE-A0FD-5733D291F6FB}
		{B6AAE7CE-AEBF-4F1A-929F-01665E85109E} = {0F01D2F5-0CFA-4DAE-A0FD-5733D291F6FB}
		{BEBFD8B9-5448-49F9-BC92-C98564AA7C72} = {494ACCF3-8FB7-429D-9119-92F7DD646B5F}
		{D2125645-0149-4D2D-BBF6-5E36E6EBB6C1} = {494ACCF3-8FB7-429D-9119-92F7DD646B5F}
		{B4A1AFBE-5D57-45BA-B735-A2C2C20A971C} = {B7CCD58C-A3F3-43BE-BBF8-2B20D118C39D}
		{ACD5D3A4-0474-4E24-BF18-1F699CDB101F} = {0F01D2F5-0CFA-4DAE-A0FD-5733D291F6FB}
	EndGlobalSection
	GlobalSection(ExtensibilityGlobals) = postSolution
		SolutionGuid = {CC13D3AD-18BF-4695-AB2A-087EF0885B20}
	EndGlobalSection
EndGlobal
