
Microsoft Visual Studio Solution File, Format Version 12.00
# Visual Studio Version 17
VisualStudioVersion = 17.0.31919.166
MinimumVisualStudioVersion = 10.0.40219.1
Project("{2150E333-8FDC-42A3-9474-1A3956D46DE8}") = "Applications", "Applications", "{94845A24-EEE7-4FEF-B033-99C02DD39C30}"
EndProject
Project("{2150E333-8FDC-42A3-9474-1A3956D46DE8}") = "Agents", "Agents", "{6C3F47E0-BC95-48CB-93A4-C34A0D5CA43B}"
EndProject
Project("{2150E333-8FDC-42A3-9474-1A3956D46DE8}") = "Adapters", "Adapters", "{21FC4AC7-9DE9-40DD-9984-5C7B914394A3}"
EndProject
Project("{2150E333-8FDC-42A3-9474-1A3956D46DE8}") = "Clients", "Clients", "{F3BC3895-4155-4C8D-BAB2-437741AC9B5D}"
EndProject
Project("{9A19103F-16F7-4668-BE54-9A1E7A4F7556}") = "MTConnect.NET", "MTConnect.NET\MTConnect.NET.csproj", "{2AA4B4C1-AC85-4B16-8CDA-FB2D99FAC3B8}"
EndProject
Project("{9A19103F-16F7-4668-BE54-9A1E7A4F7556}") = "MTConnect.NET-AspNetCore", "MTConnect.NET-AspNetCore\MTConnect.NET-AspNetCore.csproj", "{AFB3E952-CE66-405A-A597-D4C25D1BB9D6}"
EndProject
Project("{9A19103F-16F7-4668-BE54-9A1E7A4F7556}") = "MTConnect.NET-MQTT", "MTConnect.NET-MQTT\MTConnect.NET-MQTT.csproj", "{B9EBF434-5F8F-426F-ABA4-39F0C3AF8A63}"
EndProject
Project("{9A19103F-16F7-4668-BE54-9A1E7A4F7556}") = "MTConnect.NET-Pallets", "MTConnect.NET-Pallets\MTConnect.NET-Pallets.csproj", "{9E42D21C-3974-486B-AE12-1C3CFD08E9A1}"
EndProject
Project("{9A19103F-16F7-4668-BE54-9A1E7A4F7556}") = "MTConnect-Agent-AspNetCore", "..\applications\Agents\MTConnect-Agent-AspNetCore\MTConnect-Agent-AspNetCore.csproj", "{8689C82B-E685-4818-9A43-6D9531C75D0D}"
EndProject
Project("{9A19103F-16F7-4668-BE54-9A1E7A4F7556}") = "MTConnect.NET-Client-Example-01", "..\applications\Clients\MTConnect.NET-Client-Example-01\MTConnect.NET-Client-Example-01.csproj", "{8F4E8ADE-89B7-44F2-A01C-E5A066E3CF7A}"
EndProject
Project("{9A19103F-16F7-4668-BE54-9A1E7A4F7556}") = "MTConnect-Agent", "..\applications\Agents\MTConnect-Agent\MTConnect-Agent.csproj", "{06C5A9A9-7705-477D-9FD5-90175ACDC215}"
EndProject
Project("{9A19103F-16F7-4668-BE54-9A1E7A4F7556}") = "MTConnect-Adapter-SHDR", "..\applications\Adapters\MTConnect-Adapter-Shdr\MTConnect-Adapter-SHDR.csproj", "{6D304AF3-083C-4E7F-B694-C95F8A0EA344}"
EndProject
Project("{9A19103F-16F7-4668-BE54-9A1E7A4F7556}") = "MTConnect-Adapter-SHDR-Models", "..\applications\Adapters\MTConnect-Adapter-SHDR-Models\MTConnect-Adapter-SHDR-Models.csproj", "{CBAABED8-252E-471A-A914-3998EFB2C320}"
EndProject
Project("{FAE04EC0-301F-11D3-BF4B-00C04F79EFBC}") = "MTConnect-Adapter-SDK", "..\..\MTConnect-Adapter-SDK\MTConnect-Adapter-SDK\MTConnect-Adapter-SDK.csproj", "{89739BA5-FF30-4104-8039-5830CE2125E1}"
EndProject
Project("{FAE04EC0-301F-11D3-BF4B-00C04F79EFBC}") = "DotNetAdapterSDK", "..\..\MTConnect-Adapter-SDK\dot_net_sdk-master\DotNetAdapterSDK.csproj", "{D8D08DBE-B511-4DE0-B5A9-563EBFC60C4F}"
EndProject
Global
	GlobalSection(SolutionConfigurationPlatforms) = preSolution
		Debug|Any CPU = Debug|Any CPU
		Package|Any CPU = Package|Any CPU
		Release|Any CPU = Release|Any CPU
	EndGlobalSection
	GlobalSection(ProjectConfigurationPlatforms) = postSolution
		{2AA4B4C1-AC85-4B16-8CDA-FB2D99FAC3B8}.Debug|Any CPU.ActiveCfg = Debug|Any CPU
		{2AA4B4C1-AC85-4B16-8CDA-FB2D99FAC3B8}.Debug|Any CPU.Build.0 = Debug|Any CPU
		{2AA4B4C1-AC85-4B16-8CDA-FB2D99FAC3B8}.Package|Any CPU.ActiveCfg = Package|Any CPU
		{2AA4B4C1-AC85-4B16-8CDA-FB2D99FAC3B8}.Package|Any CPU.Build.0 = Package|Any CPU
		{2AA4B4C1-AC85-4B16-8CDA-FB2D99FAC3B8}.Release|Any CPU.ActiveCfg = Release|Any CPU
		{2AA4B4C1-AC85-4B16-8CDA-FB2D99FAC3B8}.Release|Any CPU.Build.0 = Release|Any CPU
		{AFB3E952-CE66-405A-A597-D4C25D1BB9D6}.Debug|Any CPU.ActiveCfg = Debug|Any CPU
		{AFB3E952-CE66-405A-A597-D4C25D1BB9D6}.Debug|Any CPU.Build.0 = Debug|Any CPU
		{AFB3E952-CE66-405A-A597-D4C25D1BB9D6}.Package|Any CPU.ActiveCfg = Debug|Any CPU
		{AFB3E952-CE66-405A-A597-D4C25D1BB9D6}.Package|Any CPU.Build.0 = Debug|Any CPU
		{AFB3E952-CE66-405A-A597-D4C25D1BB9D6}.Release|Any CPU.ActiveCfg = Release|Any CPU
		{AFB3E952-CE66-405A-A597-D4C25D1BB9D6}.Release|Any CPU.Build.0 = Release|Any CPU
		{B9EBF434-5F8F-426F-ABA4-39F0C3AF8A63}.Debug|Any CPU.ActiveCfg = Debug|Any CPU
		{B9EBF434-5F8F-426F-ABA4-39F0C3AF8A63}.Debug|Any CPU.Build.0 = Debug|Any CPU
		{B9EBF434-5F8F-426F-ABA4-39F0C3AF8A63}.Package|Any CPU.ActiveCfg = Debug|Any CPU
		{B9EBF434-5F8F-426F-ABA4-39F0C3AF8A63}.Package|Any CPU.Build.0 = Debug|Any CPU
		{B9EBF434-5F8F-426F-ABA4-39F0C3AF8A63}.Release|Any CPU.ActiveCfg = Release|Any CPU
		{B9EBF434-5F8F-426F-ABA4-39F0C3AF8A63}.Release|Any CPU.Build.0 = Release|Any CPU
		{9E42D21C-3974-486B-AE12-1C3CFD08E9A1}.Debug|Any CPU.ActiveCfg = Debug|Any CPU
		{9E42D21C-3974-486B-AE12-1C3CFD08E9A1}.Debug|Any CPU.Build.0 = Debug|Any CPU
		{9E42D21C-3974-486B-AE12-1C3CFD08E9A1}.Package|Any CPU.ActiveCfg = Debug|Any CPU
		{9E42D21C-3974-486B-AE12-1C3CFD08E9A1}.Package|Any CPU.Build.0 = Debug|Any CPU
		{9E42D21C-3974-486B-AE12-1C3CFD08E9A1}.Release|Any CPU.ActiveCfg = Release|Any CPU
		{9E42D21C-3974-486B-AE12-1C3CFD08E9A1}.Release|Any CPU.Build.0 = Release|Any CPU
		{8689C82B-E685-4818-9A43-6D9531C75D0D}.Debug|Any CPU.ActiveCfg = Debug|Any CPU
		{8689C82B-E685-4818-9A43-6D9531C75D0D}.Debug|Any CPU.Build.0 = Debug|Any CPU
		{8689C82B-E685-4818-9A43-6D9531C75D0D}.Package|Any CPU.ActiveCfg = Debug|Any CPU
		{8689C82B-E685-4818-9A43-6D9531C75D0D}.Package|Any CPU.Build.0 = Debug|Any CPU
		{8689C82B-E685-4818-9A43-6D9531C75D0D}.Release|Any CPU.ActiveCfg = Release|Any CPU
		{8689C82B-E685-4818-9A43-6D9531C75D0D}.Release|Any CPU.Build.0 = Release|Any CPU
		{8F4E8ADE-89B7-44F2-A01C-E5A066E3CF7A}.Debug|Any CPU.ActiveCfg = Debug|Any CPU
		{8F4E8ADE-89B7-44F2-A01C-E5A066E3CF7A}.Debug|Any CPU.Build.0 = Debug|Any CPU
		{8F4E8ADE-89B7-44F2-A01C-E5A066E3CF7A}.Package|Any CPU.ActiveCfg = Debug|Any CPU
		{8F4E8ADE-89B7-44F2-A01C-E5A066E3CF7A}.Package|Any CPU.Build.0 = Debug|Any CPU
		{8F4E8ADE-89B7-44F2-A01C-E5A066E3CF7A}.Release|Any CPU.ActiveCfg = Release|Any CPU
		{8F4E8ADE-89B7-44F2-A01C-E5A066E3CF7A}.Release|Any CPU.Build.0 = Release|Any CPU
		{06C5A9A9-7705-477D-9FD5-90175ACDC215}.Debug|Any CPU.ActiveCfg = Debug|Any CPU
		{06C5A9A9-7705-477D-9FD5-90175ACDC215}.Debug|Any CPU.Build.0 = Debug|Any CPU
		{06C5A9A9-7705-477D-9FD5-90175ACDC215}.Package|Any CPU.ActiveCfg = Debug|Any CPU
		{06C5A9A9-7705-477D-9FD5-90175ACDC215}.Package|Any CPU.Build.0 = Debug|Any CPU
		{06C5A9A9-7705-477D-9FD5-90175ACDC215}.Release|Any CPU.ActiveCfg = Release|Any CPU
		{06C5A9A9-7705-477D-9FD5-90175ACDC215}.Release|Any CPU.Build.0 = Release|Any CPU
		{6D304AF3-083C-4E7F-B694-C95F8A0EA344}.Debug|Any CPU.ActiveCfg = Debug|Any CPU
		{6D304AF3-083C-4E7F-B694-C95F8A0EA344}.Debug|Any CPU.Build.0 = Debug|Any CPU
		{6D304AF3-083C-4E7F-B694-C95F8A0EA344}.Package|Any CPU.ActiveCfg = Debug|Any CPU
		{6D304AF3-083C-4E7F-B694-C95F8A0EA344}.Package|Any CPU.Build.0 = Debug|Any CPU
		{6D304AF3-083C-4E7F-B694-C95F8A0EA344}.Release|Any CPU.ActiveCfg = Release|Any CPU
		{6D304AF3-083C-4E7F-B694-C95F8A0EA344}.Release|Any CPU.Build.0 = Release|Any CPU
		{CBAABED8-252E-471A-A914-3998EFB2C320}.Debug|Any CPU.ActiveCfg = Debug|Any CPU
		{CBAABED8-252E-471A-A914-3998EFB2C320}.Debug|Any CPU.Build.0 = Debug|Any CPU
		{CBAABED8-252E-471A-A914-3998EFB2C320}.Package|Any CPU.ActiveCfg = Debug|Any CPU
		{CBAABED8-252E-471A-A914-3998EFB2C320}.Package|Any CPU.Build.0 = Debug|Any CPU
		{CBAABED8-252E-471A-A914-3998EFB2C320}.Release|Any CPU.ActiveCfg = Release|Any CPU
		{CBAABED8-252E-471A-A914-3998EFB2C320}.Release|Any CPU.Build.0 = Release|Any CPU
		{89739BA5-FF30-4104-8039-5830CE2125E1}.Debug|Any CPU.ActiveCfg = Debug|Any CPU
		{89739BA5-FF30-4104-8039-5830CE2125E1}.Debug|Any CPU.Build.0 = Debug|Any CPU
		{89739BA5-FF30-4104-8039-5830CE2125E1}.Package|Any CPU.ActiveCfg = Debug|Any CPU
		{89739BA5-FF30-4104-8039-5830CE2125E1}.Package|Any CPU.Build.0 = Debug|Any CPU
		{89739BA5-FF30-4104-8039-5830CE2125E1}.Release|Any CPU.ActiveCfg = Release|Any CPU
		{89739BA5-FF30-4104-8039-5830CE2125E1}.Release|Any CPU.Build.0 = Release|Any CPU
		{D8D08DBE-B511-4DE0-B5A9-563EBFC60C4F}.Debug|Any CPU.ActiveCfg = Debug|Any CPU
		{D8D08DBE-B511-4DE0-B5A9-563EBFC60C4F}.Debug|Any CPU.Build.0 = Debug|Any CPU
		{D8D08DBE-B511-4DE0-B5A9-563EBFC60C4F}.Package|Any CPU.ActiveCfg = Debug|Any CPU
		{D8D08DBE-B511-4DE0-B5A9-563EBFC60C4F}.Package|Any CPU.Build.0 = Debug|Any CPU
		{D8D08DBE-B511-4DE0-B5A9-563EBFC60C4F}.Release|Any CPU.ActiveCfg = Release|Any CPU
		{D8D08DBE-B511-4DE0-B5A9-563EBFC60C4F}.Release|Any CPU.Build.0 = Release|Any CPU
	EndGlobalSection
	GlobalSection(SolutionProperties) = preSolution
		HideSolutionNode = FALSE
	EndGlobalSection
	GlobalSection(NestedProjects) = preSolution
		{6C3F47E0-BC95-48CB-93A4-C34A0D5CA43B} = {94845A24-EEE7-4FEF-B033-99C02DD39C30}
		{21FC4AC7-9DE9-40DD-9984-5C7B914394A3} = {94845A24-EEE7-4FEF-B033-99C02DD39C30}
		{F3BC3895-4155-4C8D-BAB2-437741AC9B5D} = {94845A24-EEE7-4FEF-B033-99C02DD39C30}
		{8689C82B-E685-4818-9A43-6D9531C75D0D} = {6C3F47E0-BC95-48CB-93A4-C34A0D5CA43B}
		{8F4E8ADE-89B7-44F2-A01C-E5A066E3CF7A} = {F3BC3895-4155-4C8D-BAB2-437741AC9B5D}
		{06C5A9A9-7705-477D-9FD5-90175ACDC215} = {6C3F47E0-BC95-48CB-93A4-C34A0D5CA43B}
		{6D304AF3-083C-4E7F-B694-C95F8A0EA344} = {21FC4AC7-9DE9-40DD-9984-5C7B914394A3}
		{CBAABED8-252E-471A-A914-3998EFB2C320} = {21FC4AC7-9DE9-40DD-9984-5C7B914394A3}
		{89739BA5-FF30-4104-8039-5830CE2125E1} = {21FC4AC7-9DE9-40DD-9984-5C7B914394A3}
		{D8D08DBE-B511-4DE0-B5A9-563EBFC60C4F} = {21FC4AC7-9DE9-40DD-9984-5C7B914394A3}
	EndGlobalSection
	GlobalSection(ExtensibilityGlobals) = postSolution
		SolutionGuid = {CC13D3AD-18BF-4695-AB2A-087EF0885B20}
	EndGlobalSection
EndGlobal
