
Microsoft Visual Studio Solution File, Format Version 12.00
# Visual Studio Version 17
VisualStudioVersion = 17.1.32210.238
MinimumVisualStudioVersion = 10.0.40219.1
Project("{2150E333-8FDC-42A3-9474-1A3956D46DE8}") = "Applications", "Applications", "{94845A24-EEE7-4FEF-B033-99C02DD39C30}"
EndProject
Project("{2150E333-8FDC-42A3-9474-1A3956D46DE8}") = "Agents", "Agents", "{6C3F47E0-BC95-48CB-93A4-C34A0D5CA43B}"
EndProject
Project("{2150E333-8FDC-42A3-9474-1A3956D46DE8}") = "Adapters", "Adapters", "{21FC4AC7-9DE9-40DD-9984-5C7B914394A3}"
EndProject
Project("{2150E333-8FDC-42A3-9474-1A3956D46DE8}") = "Clients", "Clients", "{F3BC3895-4155-4C8D-BAB2-437741AC9B5D}"
EndProject
Project("{9A19103F-16F7-4668-BE54-9A1E7A4F7556}") = "MTConnect.NET-MQTT", "MTConnect.NET-MQTT\MTConnect.NET-MQTT.csproj", "{B9EBF434-5F8F-426F-ABA4-39F0C3AF8A63}"
EndProject
Project("{9A19103F-16F7-4668-BE54-9A1E7A4F7556}") = "MTConnect.NET-Pallets", "MTConnect.NET-Pallets\MTConnect.NET-Pallets.csproj", "{9E42D21C-3974-486B-AE12-1C3CFD08E9A1}"
EndProject
Project("{9A19103F-16F7-4668-BE54-9A1E7A4F7556}") = "MTConnect.NET-Client-Example-01", "..\applications\Clients\MTConnect.NET-Client-Example-01\MTConnect.NET-Client-Example-01.csproj", "{8F4E8ADE-89B7-44F2-A01C-E5A066E3CF7A}"
EndProject
Project("{9A19103F-16F7-4668-BE54-9A1E7A4F7556}") = "MTConnect-Adapter-SHDR", "..\applications\Adapters\MTConnect-Adapter-Shdr\MTConnect-Adapter-SHDR.csproj", "{6D304AF3-083C-4E7F-B694-C95F8A0EA344}"
EndProject
Project("{9A19103F-16F7-4668-BE54-9A1E7A4F7556}") = "MTConnect-Adapter-SHDR-Models", "..\applications\Adapters\MTConnect-Adapter-SHDR-Models\MTConnect-Adapter-SHDR-Models.csproj", "{CBAABED8-252E-471A-A914-3998EFB2C320}"
EndProject
Project("{2150E333-8FDC-42A3-9474-1A3956D46DE8}") = "Tests", "Tests", "{14375E03-6BF8-45E6-B868-D2399368992B}"
EndProject
Project("{9A19103F-16F7-4668-BE54-9A1E7A4F7556}") = "Client-Test-01", "..\testing\Client-Test-01\Client-Test-01.csproj", "{498E3095-56A0-4709-9483-2A449C26F07E}"
EndProject
Project("{9A19103F-16F7-4668-BE54-9A1E7A4F7556}") = "MTConnect-Agent-MQTT", "..\applications\Agents\MTConnect-Agent-MQTT\MTConnect-Agent-MQTT\MTConnect-Agent-MQTT.csproj", "{AEA9A9E6-3BC9-4341-97DD-9B10783064F7}"
EndProject
Project("{9A19103F-16F7-4668-BE54-9A1E7A4F7556}") = "MTConnect.NET-XML", "MTConnect.NET-XML\MTConnect.NET-XML.csproj", "{BA6FA0B2-1751-420A-83CA-2E1578AE2267}"
EndProject
Project("{9A19103F-16F7-4668-BE54-9A1E7A4F7556}") = "MTConnect.NET-JSON", "MTConnect.NET-JSON\MTConnect.NET-JSON.csproj", "{7EB41D54-9FDC-44AA-98A6-A7D30EB2F943}"
EndProject
Project("{9A19103F-16F7-4668-BE54-9A1E7A4F7556}") = "MTConnect.NET-HTTP", "MTConnect.NET-HTTP\MTConnect.NET-HTTP.csproj", "{4434DA77-3F98-477D-AB4F-BF8B4A685C83}"
EndProject
Project("{9A19103F-16F7-4668-BE54-9A1E7A4F7556}") = "MTConnect.NET-SHDR", "MTConnect.NET-SHDR\MTConnect.NET-SHDR.csproj", "{D195A284-B8DA-4626-9FD2-67A7ED051357}"
EndProject
Project("{9A19103F-16F7-4668-BE54-9A1E7A4F7556}") = "MTConnect.NET", "MTConnect.NET\MTConnect.NET.csproj", "{78EF3E7D-2783-44E2-ACF9-934ECE446FBC}"
EndProject
Project("{9A19103F-16F7-4668-BE54-9A1E7A4F7556}") = "MTConnect.NET-Common", "MTConnect.NET-Common\MTConnect.NET-Common.csproj", "{1782EDF4-9219-420D-82C4-C707B5D43950}"
EndProject
Project("{2150E333-8FDC-42A3-9474-1A3956D46DE8}") = "Protocols", "Protocols", "{E0233BEB-F66C-43C4-9DC8-20182894CF5F}"
EndProject
Project("{2150E333-8FDC-42A3-9474-1A3956D46DE8}") = "Document Formats", "Document Formats", "{100B4AD7-EC7E-41B8-9B90-C0F9FC0274FC}"
EndProject
Project("{2150E333-8FDC-42A3-9474-1A3956D46DE8}") = "Extensions", "Extensions", "{DF95D586-698E-4539-99D3-00220BA8BA54}"
EndProject
Project("{9A19103F-16F7-4668-BE54-9A1E7A4F7556}") = "MTConnect-Agent-Http", "..\applications\Agents\MTConnect-Agent-Http\MTConnect-Agent-Http.csproj", "{A61990CC-A023-4D3B-BDDE-1CBC2F3982CD}"
EndProject
Project("{9A19103F-16F7-4668-BE54-9A1E7A4F7556}") = "MTConnect-Agent-Http-AspNetCore", "..\applications\Agents\MTConnect-Agent-Http-AspNetCore\MTConnect-Agent-Http-AspNetCore.csproj", "{C0EB8D96-6157-4326-8157-A9396693EB95}"
EndProject
Project("{9A19103F-16F7-4668-BE54-9A1E7A4F7556}") = "MTConnect-Agent-Http-Gateway", "..\applications\Agents\MTConnect-Agent-Http-Gateway\MTConnect-Agent-Http-Gateway.csproj", "{84C368B3-EE14-4C11-973F-7147880F6120}"
EndProject
Project("{9A19103F-16F7-4668-BE54-9A1E7A4F7556}") = "MTConnect-Agent-Http-Gateway-AspNetCore", "..\applications\Agents\MTConnect-Agent-Http-Gateway-AspNetCore\MTConnect-Agent-Http-Gateway-AspNetCore.csproj", "{A067EB5B-6FA5-4BCA-A25C-4B725BB14523}"
EndProject
Project("{9A19103F-16F7-4668-BE54-9A1E7A4F7556}") = "MTConnect-Agent-MQTT-Gateway", "..\applications\Agents\MTConnect-Agent-MQTT-Gateway\MTConnect-Agent-MQTT-Gateway.csproj", "{AC29B643-38DA-4C31-B961-FAEEB314FA4E}"
EndProject
Project("{9A19103F-16F7-4668-BE54-9A1E7A4F7556}") = "MTConnect.NET-HTTP-AspNetCore", "MTConnect.NET-HTTP-AspNetCore\MTConnect.NET-HTTP-AspNetCore.csproj", "{E15CC46D-0B0C-4A7D-9D7D-32E2265FAC86}"
EndProject
Project("{9A19103F-16F7-4668-BE54-9A1E7A4F7556}") = "IntegrationTests", "Tests\IntegrationTests\IntegrationTests.csproj", "{3241C13A-EA6F-4C6E-9A02-9B69DC0E4047}"
EndProject
Project("{9A19103F-16F7-4668-BE54-9A1E7A4F7556}") = "MTConnect-Agent-Examples", "..\applications\Agents\MTConnect-Agent-Examples\MTConnect-Agent-Examples.csproj", "{25D1348F-9110-4729-AFEC-230335D44527}"
EndProject
Project("{9A19103F-16F7-4668-BE54-9A1E7A4F7556}") = "MTConnect-Agent-Http-Adapter", "..\applications\Agents\MTConnect-Agent-Http-Adapter\MTConnect-Agent-Http-Adapter.csproj", "{87343198-B9B9-415C-BD26-FFFF79547999}"
EndProject
Project("{9A19103F-16F7-4668-BE54-9A1E7A4F7556}") = "MTConnect.NET-Services", "MTConnect.NET-Services\MTConnect.NET-Services.csproj", "{49B1E68C-0937-406F-9F8D-25D327F78ADD}"
EndProject
Project("{9A19103F-16F7-4668-BE54-9A1E7A4F7556}") = "MTConnect.NET-Models", "MTConnect.NET-Models\MTConnect.NET-Models.csproj", "{ACE5B7F1-6AB7-47B1-A4F6-BA5B154AE7C0}"
EndProject
Project("{9A19103F-16F7-4668-BE54-9A1E7A4F7556}") = "MTConnect.NET-SHDR-Tests", "Tests\MTConnect.NET-SHDR-Tests\MTConnect.NET-SHDR-Tests.csproj", "{1C315027-20D0-4166-97DC-D6AE80184AE1}"
EndProject
Global
	GlobalSection(SolutionConfigurationPlatforms) = preSolution
		Debug|Any CPU = Debug|Any CPU
		Package|Any CPU = Package|Any CPU
		Release|Any CPU = Release|Any CPU
	EndGlobalSection
	GlobalSection(ProjectConfigurationPlatforms) = postSolution
		{B9EBF434-5F8F-426F-ABA4-39F0C3AF8A63}.Debug|Any CPU.ActiveCfg = Debug|Any CPU
		{B9EBF434-5F8F-426F-ABA4-39F0C3AF8A63}.Debug|Any CPU.Build.0 = Debug|Any CPU
		{B9EBF434-5F8F-426F-ABA4-39F0C3AF8A63}.Package|Any CPU.ActiveCfg = Debug|Any CPU
		{B9EBF434-5F8F-426F-ABA4-39F0C3AF8A63}.Package|Any CPU.Build.0 = Debug|Any CPU
		{B9EBF434-5F8F-426F-ABA4-39F0C3AF8A63}.Release|Any CPU.ActiveCfg = Release|Any CPU
		{B9EBF434-5F8F-426F-ABA4-39F0C3AF8A63}.Release|Any CPU.Build.0 = Release|Any CPU
		{9E42D21C-3974-486B-AE12-1C3CFD08E9A1}.Debug|Any CPU.ActiveCfg = Debug|Any CPU
		{9E42D21C-3974-486B-AE12-1C3CFD08E9A1}.Debug|Any CPU.Build.0 = Debug|Any CPU
		{9E42D21C-3974-486B-AE12-1C3CFD08E9A1}.Package|Any CPU.ActiveCfg = Debug|Any CPU
		{9E42D21C-3974-486B-AE12-1C3CFD08E9A1}.Package|Any CPU.Build.0 = Debug|Any CPU
		{9E42D21C-3974-486B-AE12-1C3CFD08E9A1}.Release|Any CPU.ActiveCfg = Release|Any CPU
		{9E42D21C-3974-486B-AE12-1C3CFD08E9A1}.Release|Any CPU.Build.0 = Release|Any CPU
		{8F4E8ADE-89B7-44F2-A01C-E5A066E3CF7A}.Debug|Any CPU.ActiveCfg = Debug|Any CPU
		{8F4E8ADE-89B7-44F2-A01C-E5A066E3CF7A}.Debug|Any CPU.Build.0 = Debug|Any CPU
		{8F4E8ADE-89B7-44F2-A01C-E5A066E3CF7A}.Package|Any CPU.ActiveCfg = Debug|Any CPU
		{8F4E8ADE-89B7-44F2-A01C-E5A066E3CF7A}.Package|Any CPU.Build.0 = Debug|Any CPU
		{8F4E8ADE-89B7-44F2-A01C-E5A066E3CF7A}.Release|Any CPU.ActiveCfg = Release|Any CPU
		{8F4E8ADE-89B7-44F2-A01C-E5A066E3CF7A}.Release|Any CPU.Build.0 = Release|Any CPU
		{6D304AF3-083C-4E7F-B694-C95F8A0EA344}.Debug|Any CPU.ActiveCfg = Debug|Any CPU
		{6D304AF3-083C-4E7F-B694-C95F8A0EA344}.Debug|Any CPU.Build.0 = Debug|Any CPU
		{6D304AF3-083C-4E7F-B694-C95F8A0EA344}.Package|Any CPU.ActiveCfg = Debug|Any CPU
		{6D304AF3-083C-4E7F-B694-C95F8A0EA344}.Package|Any CPU.Build.0 = Debug|Any CPU
		{6D304AF3-083C-4E7F-B694-C95F8A0EA344}.Release|Any CPU.ActiveCfg = Release|Any CPU
		{6D304AF3-083C-4E7F-B694-C95F8A0EA344}.Release|Any CPU.Build.0 = Release|Any CPU
		{CBAABED8-252E-471A-A914-3998EFB2C320}.Debug|Any CPU.ActiveCfg = Debug|Any CPU
		{CBAABED8-252E-471A-A914-3998EFB2C320}.Debug|Any CPU.Build.0 = Debug|Any CPU
		{CBAABED8-252E-471A-A914-3998EFB2C320}.Package|Any CPU.ActiveCfg = Debug|Any CPU
		{CBAABED8-252E-471A-A914-3998EFB2C320}.Package|Any CPU.Build.0 = Debug|Any CPU
		{CBAABED8-252E-471A-A914-3998EFB2C320}.Release|Any CPU.ActiveCfg = Release|Any CPU
		{CBAABED8-252E-471A-A914-3998EFB2C320}.Release|Any CPU.Build.0 = Release|Any CPU
		{498E3095-56A0-4709-9483-2A449C26F07E}.Debug|Any CPU.ActiveCfg = Debug|Any CPU
		{498E3095-56A0-4709-9483-2A449C26F07E}.Debug|Any CPU.Build.0 = Debug|Any CPU
		{498E3095-56A0-4709-9483-2A449C26F07E}.Package|Any CPU.ActiveCfg = Debug|Any CPU
		{498E3095-56A0-4709-9483-2A449C26F07E}.Package|Any CPU.Build.0 = Debug|Any CPU
		{498E3095-56A0-4709-9483-2A449C26F07E}.Release|Any CPU.ActiveCfg = Release|Any CPU
		{498E3095-56A0-4709-9483-2A449C26F07E}.Release|Any CPU.Build.0 = Release|Any CPU
		{AEA9A9E6-3BC9-4341-97DD-9B10783064F7}.Debug|Any CPU.ActiveCfg = Debug|Any CPU
		{AEA9A9E6-3BC9-4341-97DD-9B10783064F7}.Debug|Any CPU.Build.0 = Debug|Any CPU
		{AEA9A9E6-3BC9-4341-97DD-9B10783064F7}.Package|Any CPU.ActiveCfg = Debug|Any CPU
		{AEA9A9E6-3BC9-4341-97DD-9B10783064F7}.Package|Any CPU.Build.0 = Debug|Any CPU
		{AEA9A9E6-3BC9-4341-97DD-9B10783064F7}.Release|Any CPU.ActiveCfg = Release|Any CPU
		{AEA9A9E6-3BC9-4341-97DD-9B10783064F7}.Release|Any CPU.Build.0 = Release|Any CPU
		{BA6FA0B2-1751-420A-83CA-2E1578AE2267}.Debug|Any CPU.ActiveCfg = Debug|Any CPU
		{BA6FA0B2-1751-420A-83CA-2E1578AE2267}.Debug|Any CPU.Build.0 = Debug|Any CPU
		{BA6FA0B2-1751-420A-83CA-2E1578AE2267}.Package|Any CPU.ActiveCfg = Debug|Any CPU
		{BA6FA0B2-1751-420A-83CA-2E1578AE2267}.Package|Any CPU.Build.0 = Debug|Any CPU
		{BA6FA0B2-1751-420A-83CA-2E1578AE2267}.Release|Any CPU.ActiveCfg = Release|Any CPU
		{BA6FA0B2-1751-420A-83CA-2E1578AE2267}.Release|Any CPU.Build.0 = Release|Any CPU
		{7EB41D54-9FDC-44AA-98A6-A7D30EB2F943}.Debug|Any CPU.ActiveCfg = Debug|Any CPU
		{7EB41D54-9FDC-44AA-98A6-A7D30EB2F943}.Debug|Any CPU.Build.0 = Debug|Any CPU
		{7EB41D54-9FDC-44AA-98A6-A7D30EB2F943}.Package|Any CPU.ActiveCfg = Debug|Any CPU
		{7EB41D54-9FDC-44AA-98A6-A7D30EB2F943}.Package|Any CPU.Build.0 = Debug|Any CPU
		{7EB41D54-9FDC-44AA-98A6-A7D30EB2F943}.Release|Any CPU.ActiveCfg = Release|Any CPU
		{7EB41D54-9FDC-44AA-98A6-A7D30EB2F943}.Release|Any CPU.Build.0 = Release|Any CPU
		{4434DA77-3F98-477D-AB4F-BF8B4A685C83}.Debug|Any CPU.ActiveCfg = Debug|Any CPU
		{4434DA77-3F98-477D-AB4F-BF8B4A685C83}.Debug|Any CPU.Build.0 = Debug|Any CPU
		{4434DA77-3F98-477D-AB4F-BF8B4A685C83}.Package|Any CPU.ActiveCfg = Debug|Any CPU
		{4434DA77-3F98-477D-AB4F-BF8B4A685C83}.Package|Any CPU.Build.0 = Debug|Any CPU
		{4434DA77-3F98-477D-AB4F-BF8B4A685C83}.Release|Any CPU.ActiveCfg = Release|Any CPU
		{4434DA77-3F98-477D-AB4F-BF8B4A685C83}.Release|Any CPU.Build.0 = Release|Any CPU
		{D195A284-B8DA-4626-9FD2-67A7ED051357}.Debug|Any CPU.ActiveCfg = Debug|Any CPU
		{D195A284-B8DA-4626-9FD2-67A7ED051357}.Debug|Any CPU.Build.0 = Debug|Any CPU
		{D195A284-B8DA-4626-9FD2-67A7ED051357}.Package|Any CPU.ActiveCfg = Debug|Any CPU
		{D195A284-B8DA-4626-9FD2-67A7ED051357}.Package|Any CPU.Build.0 = Debug|Any CPU
		{D195A284-B8DA-4626-9FD2-67A7ED051357}.Release|Any CPU.ActiveCfg = Release|Any CPU
		{D195A284-B8DA-4626-9FD2-67A7ED051357}.Release|Any CPU.Build.0 = Release|Any CPU
		{78EF3E7D-2783-44E2-ACF9-934ECE446FBC}.Debug|Any CPU.ActiveCfg = Debug|Any CPU
		{78EF3E7D-2783-44E2-ACF9-934ECE446FBC}.Debug|Any CPU.Build.0 = Debug|Any CPU
		{78EF3E7D-2783-44E2-ACF9-934ECE446FBC}.Package|Any CPU.ActiveCfg = Debug|Any CPU
		{78EF3E7D-2783-44E2-ACF9-934ECE446FBC}.Package|Any CPU.Build.0 = Debug|Any CPU
		{78EF3E7D-2783-44E2-ACF9-934ECE446FBC}.Release|Any CPU.ActiveCfg = Release|Any CPU
		{78EF3E7D-2783-44E2-ACF9-934ECE446FBC}.Release|Any CPU.Build.0 = Release|Any CPU
		{1782EDF4-9219-420D-82C4-C707B5D43950}.Debug|Any CPU.ActiveCfg = Debug|Any CPU
		{1782EDF4-9219-420D-82C4-C707B5D43950}.Debug|Any CPU.Build.0 = Debug|Any CPU
		{1782EDF4-9219-420D-82C4-C707B5D43950}.Package|Any CPU.ActiveCfg = Package|Any CPU
		{1782EDF4-9219-420D-82C4-C707B5D43950}.Package|Any CPU.Build.0 = Package|Any CPU
		{1782EDF4-9219-420D-82C4-C707B5D43950}.Release|Any CPU.ActiveCfg = Release|Any CPU
		{1782EDF4-9219-420D-82C4-C707B5D43950}.Release|Any CPU.Build.0 = Release|Any CPU
		{A61990CC-A023-4D3B-BDDE-1CBC2F3982CD}.Debug|Any CPU.ActiveCfg = Debug|Any CPU
		{A61990CC-A023-4D3B-BDDE-1CBC2F3982CD}.Debug|Any CPU.Build.0 = Debug|Any CPU
		{A61990CC-A023-4D3B-BDDE-1CBC2F3982CD}.Package|Any CPU.ActiveCfg = Debug|Any CPU
		{A61990CC-A023-4D3B-BDDE-1CBC2F3982CD}.Package|Any CPU.Build.0 = Debug|Any CPU
		{A61990CC-A023-4D3B-BDDE-1CBC2F3982CD}.Release|Any CPU.ActiveCfg = Release|Any CPU
		{A61990CC-A023-4D3B-BDDE-1CBC2F3982CD}.Release|Any CPU.Build.0 = Release|Any CPU
		{C0EB8D96-6157-4326-8157-A9396693EB95}.Debug|Any CPU.ActiveCfg = Debug|Any CPU
		{C0EB8D96-6157-4326-8157-A9396693EB95}.Debug|Any CPU.Build.0 = Debug|Any CPU
		{C0EB8D96-6157-4326-8157-A9396693EB95}.Package|Any CPU.ActiveCfg = Debug|Any CPU
		{C0EB8D96-6157-4326-8157-A9396693EB95}.Package|Any CPU.Build.0 = Debug|Any CPU
		{C0EB8D96-6157-4326-8157-A9396693EB95}.Release|Any CPU.ActiveCfg = Release|Any CPU
		{C0EB8D96-6157-4326-8157-A9396693EB95}.Release|Any CPU.Build.0 = Release|Any CPU
		{84C368B3-EE14-4C11-973F-7147880F6120}.Debug|Any CPU.ActiveCfg = Debug|Any CPU
		{84C368B3-EE14-4C11-973F-7147880F6120}.Debug|Any CPU.Build.0 = Debug|Any CPU
		{84C368B3-EE14-4C11-973F-7147880F6120}.Package|Any CPU.ActiveCfg = Debug|Any CPU
		{84C368B3-EE14-4C11-973F-7147880F6120}.Package|Any CPU.Build.0 = Debug|Any CPU
		{84C368B3-EE14-4C11-973F-7147880F6120}.Release|Any CPU.ActiveCfg = Release|Any CPU
		{84C368B3-EE14-4C11-973F-7147880F6120}.Release|Any CPU.Build.0 = Release|Any CPU
		{A067EB5B-6FA5-4BCA-A25C-4B725BB14523}.Debug|Any CPU.ActiveCfg = Debug|Any CPU
		{A067EB5B-6FA5-4BCA-A25C-4B725BB14523}.Debug|Any CPU.Build.0 = Debug|Any CPU
		{A067EB5B-6FA5-4BCA-A25C-4B725BB14523}.Package|Any CPU.ActiveCfg = Debug|Any CPU
		{A067EB5B-6FA5-4BCA-A25C-4B725BB14523}.Package|Any CPU.Build.0 = Debug|Any CPU
		{A067EB5B-6FA5-4BCA-A25C-4B725BB14523}.Release|Any CPU.ActiveCfg = Release|Any CPU
		{A067EB5B-6FA5-4BCA-A25C-4B725BB14523}.Release|Any CPU.Build.0 = Release|Any CPU
		{AC29B643-38DA-4C31-B961-FAEEB314FA4E}.Debug|Any CPU.ActiveCfg = Debug|Any CPU
		{AC29B643-38DA-4C31-B961-FAEEB314FA4E}.Debug|Any CPU.Build.0 = Debug|Any CPU
		{AC29B643-38DA-4C31-B961-FAEEB314FA4E}.Package|Any CPU.ActiveCfg = Debug|Any CPU
		{AC29B643-38DA-4C31-B961-FAEEB314FA4E}.Package|Any CPU.Build.0 = Debug|Any CPU
		{AC29B643-38DA-4C31-B961-FAEEB314FA4E}.Release|Any CPU.ActiveCfg = Release|Any CPU
		{AC29B643-38DA-4C31-B961-FAEEB314FA4E}.Release|Any CPU.Build.0 = Release|Any CPU
		{E15CC46D-0B0C-4A7D-9D7D-32E2265FAC86}.Debug|Any CPU.ActiveCfg = Debug|Any CPU
		{E15CC46D-0B0C-4A7D-9D7D-32E2265FAC86}.Debug|Any CPU.Build.0 = Debug|Any CPU
		{E15CC46D-0B0C-4A7D-9D7D-32E2265FAC86}.Package|Any CPU.ActiveCfg = Package|Any CPU
		{E15CC46D-0B0C-4A7D-9D7D-32E2265FAC86}.Package|Any CPU.Build.0 = Package|Any CPU
		{E15CC46D-0B0C-4A7D-9D7D-32E2265FAC86}.Release|Any CPU.ActiveCfg = Release|Any CPU
		{E15CC46D-0B0C-4A7D-9D7D-32E2265FAC86}.Release|Any CPU.Build.0 = Release|Any CPU
		{3241C13A-EA6F-4C6E-9A02-9B69DC0E4047}.Debug|Any CPU.ActiveCfg = Debug|Any CPU
		{3241C13A-EA6F-4C6E-9A02-9B69DC0E4047}.Debug|Any CPU.Build.0 = Debug|Any CPU
		{3241C13A-EA6F-4C6E-9A02-9B69DC0E4047}.Package|Any CPU.ActiveCfg = Debug|Any CPU
		{3241C13A-EA6F-4C6E-9A02-9B69DC0E4047}.Package|Any CPU.Build.0 = Debug|Any CPU
		{3241C13A-EA6F-4C6E-9A02-9B69DC0E4047}.Release|Any CPU.ActiveCfg = Release|Any CPU
		{3241C13A-EA6F-4C6E-9A02-9B69DC0E4047}.Release|Any CPU.Build.0 = Release|Any CPU
		{25D1348F-9110-4729-AFEC-230335D44527}.Debug|Any CPU.ActiveCfg = Debug|Any CPU
		{25D1348F-9110-4729-AFEC-230335D44527}.Debug|Any CPU.Build.0 = Debug|Any CPU
		{25D1348F-9110-4729-AFEC-230335D44527}.Package|Any CPU.ActiveCfg = Debug|Any CPU
		{25D1348F-9110-4729-AFEC-230335D44527}.Package|Any CPU.Build.0 = Debug|Any CPU
		{25D1348F-9110-4729-AFEC-230335D44527}.Release|Any CPU.ActiveCfg = Release|Any CPU
		{25D1348F-9110-4729-AFEC-230335D44527}.Release|Any CPU.Build.0 = Release|Any CPU
		{87343198-B9B9-415C-BD26-FFFF79547999}.Debug|Any CPU.ActiveCfg = Debug|Any CPU
		{87343198-B9B9-415C-BD26-FFFF79547999}.Debug|Any CPU.Build.0 = Debug|Any CPU
		{87343198-B9B9-415C-BD26-FFFF79547999}.Package|Any CPU.ActiveCfg = Debug|Any CPU
		{87343198-B9B9-415C-BD26-FFFF79547999}.Package|Any CPU.Build.0 = Debug|Any CPU
		{87343198-B9B9-415C-BD26-FFFF79547999}.Release|Any CPU.ActiveCfg = Release|Any CPU
		{87343198-B9B9-415C-BD26-FFFF79547999}.Release|Any CPU.Build.0 = Release|Any CPU
		{49B1E68C-0937-406F-9F8D-25D327F78ADD}.Debug|Any CPU.ActiveCfg = Debug|Any CPU
		{49B1E68C-0937-406F-9F8D-25D327F78ADD}.Debug|Any CPU.Build.0 = Debug|Any CPU
		{49B1E68C-0937-406F-9F8D-25D327F78ADD}.Package|Any CPU.ActiveCfg = Package|Any CPU
		{49B1E68C-0937-406F-9F8D-25D327F78ADD}.Package|Any CPU.Build.0 = Package|Any CPU
		{49B1E68C-0937-406F-9F8D-25D327F78ADD}.Release|Any CPU.ActiveCfg = Release|Any CPU
		{49B1E68C-0937-406F-9F8D-25D327F78ADD}.Release|Any CPU.Build.0 = Release|Any CPU
		{ACE5B7F1-6AB7-47B1-A4F6-BA5B154AE7C0}.Debug|Any CPU.ActiveCfg = Debug|Any CPU
		{ACE5B7F1-6AB7-47B1-A4F6-BA5B154AE7C0}.Debug|Any CPU.Build.0 = Debug|Any CPU
		{ACE5B7F1-6AB7-47B1-A4F6-BA5B154AE7C0}.Package|Any CPU.ActiveCfg = Debug|Any CPU
		{ACE5B7F1-6AB7-47B1-A4F6-BA5B154AE7C0}.Package|Any CPU.Build.0 = Debug|Any CPU
		{ACE5B7F1-6AB7-47B1-A4F6-BA5B154AE7C0}.Release|Any CPU.ActiveCfg = Release|Any CPU
		{ACE5B7F1-6AB7-47B1-A4F6-BA5B154AE7C0}.Release|Any CPU.Build.0 = Release|Any CPU
		{1C315027-20D0-4166-97DC-D6AE80184AE1}.Debug|Any CPU.ActiveCfg = Debug|Any CPU
		{1C315027-20D0-4166-97DC-D6AE80184AE1}.Debug|Any CPU.Build.0 = Debug|Any CPU
		{1C315027-20D0-4166-97DC-D6AE80184AE1}.Package|Any CPU.ActiveCfg = Debug|Any CPU
		{1C315027-20D0-4166-97DC-D6AE80184AE1}.Package|Any CPU.Build.0 = Debug|Any CPU
		{1C315027-20D0-4166-97DC-D6AE80184AE1}.Release|Any CPU.ActiveCfg = Release|Any CPU
		{1C315027-20D0-4166-97DC-D6AE80184AE1}.Release|Any CPU.Build.0 = Release|Any CPU
	EndGlobalSection
	GlobalSection(SolutionProperties) = preSolution
		HideSolutionNode = FALSE
	EndGlobalSection
	GlobalSection(NestedProjects) = preSolution
		{6C3F47E0-BC95-48CB-93A4-C34A0D5CA43B} = {94845A24-EEE7-4FEF-B033-99C02DD39C30}
		{21FC4AC7-9DE9-40DD-9984-5C7B914394A3} = {94845A24-EEE7-4FEF-B033-99C02DD39C30}
		{F3BC3895-4155-4C8D-BAB2-437741AC9B5D} = {94845A24-EEE7-4FEF-B033-99C02DD39C30}
		{B9EBF434-5F8F-426F-ABA4-39F0C3AF8A63} = {E0233BEB-F66C-43C4-9DC8-20182894CF5F}
		{9E42D21C-3974-486B-AE12-1C3CFD08E9A1} = {DF95D586-698E-4539-99D3-00220BA8BA54}
		{8F4E8ADE-89B7-44F2-A01C-E5A066E3CF7A} = {F3BC3895-4155-4C8D-BAB2-437741AC9B5D}
		{6D304AF3-083C-4E7F-B694-C95F8A0EA344} = {21FC4AC7-9DE9-40DD-9984-5C7B914394A3}
		{CBAABED8-252E-471A-A914-3998EFB2C320} = {21FC4AC7-9DE9-40DD-9984-5C7B914394A3}
		{498E3095-56A0-4709-9483-2A449C26F07E} = {14375E03-6BF8-45E6-B868-D2399368992B}
		{AEA9A9E6-3BC9-4341-97DD-9B10783064F7} = {6C3F47E0-BC95-48CB-93A4-C34A0D5CA43B}
		{BA6FA0B2-1751-420A-83CA-2E1578AE2267} = {100B4AD7-EC7E-41B8-9B90-C0F9FC0274FC}
		{7EB41D54-9FDC-44AA-98A6-A7D30EB2F943} = {100B4AD7-EC7E-41B8-9B90-C0F9FC0274FC}
		{4434DA77-3F98-477D-AB4F-BF8B4A685C83} = {E0233BEB-F66C-43C4-9DC8-20182894CF5F}
		{D195A284-B8DA-4626-9FD2-67A7ED051357} = {E0233BEB-F66C-43C4-9DC8-20182894CF5F}
		{A61990CC-A023-4D3B-BDDE-1CBC2F3982CD} = {6C3F47E0-BC95-48CB-93A4-C34A0D5CA43B}
		{C0EB8D96-6157-4326-8157-A9396693EB95} = {6C3F47E0-BC95-48CB-93A4-C34A0D5CA43B}
		{84C368B3-EE14-4C11-973F-7147880F6120} = {6C3F47E0-BC95-48CB-93A4-C34A0D5CA43B}
		{A067EB5B-6FA5-4BCA-A25C-4B725BB14523} = {6C3F47E0-BC95-48CB-93A4-C34A0D5CA43B}
		{AC29B643-38DA-4C31-B961-FAEEB314FA4E} = {6C3F47E0-BC95-48CB-93A4-C34A0D5CA43B}
		{E15CC46D-0B0C-4A7D-9D7D-32E2265FAC86} = {E0233BEB-F66C-43C4-9DC8-20182894CF5F}
		{3241C13A-EA6F-4C6E-9A02-9B69DC0E4047} = {14375E03-6BF8-45E6-B868-D2399368992B}
		{25D1348F-9110-4729-AFEC-230335D44527} = {6C3F47E0-BC95-48CB-93A4-C34A0D5CA43B}
		{87343198-B9B9-415C-BD26-FFFF79547999} = {6C3F47E0-BC95-48CB-93A4-C34A0D5CA43B}
		{1C315027-20D0-4166-97DC-D6AE80184AE1} = {14375E03-6BF8-45E6-B868-D2399368992B}
	EndGlobalSection
	GlobalSection(ExtensibilityGlobals) = postSolution
		SolutionGuid = {CC13D3AD-18BF-4695-AB2A-087EF0885B20}
	EndGlobalSection
EndGlobal
